annotated-types==0.7.0
attrs==25.3.0
black==25.1.0
build==1.3.0
cfgv==3.4.0
click==8.2.1
colorama==0.4.6
distlib==0.4.0
filelock==3.19.1
hypothesis==6.139.1
identify==2.6.14
iniconfig==2.1.0
markdown-it-py==4.0.0
mdurl==0.1.2
mypy==1.18.1
mypy_extensions==1.1.0
nodeenv==1.9.1
numpy==2.3.3
packaging==25.0
pathspec==0.12.1
platformdirs==4.4.0
pluggy==1.6.0
pre_commit==4.3.0
psutil==7.0.0
pydantic==2.11.9
pydantic_core==2.33.2
Pygments==2.19.2
pyproject_hooks==1.2.0
pytest==8.4.2
PyYAML==6.0.2
# Editable install with no version control (reprokit-ml==0.1.0)
-e c:\users\offic\reprokit-ml
rich==14.1.0
ruff==0.13.0
shellingham==1.5.4
sortedcontainers==2.4.0
structlog==25.4.0
typer==0.17.4
typing-inspection==0.4.1
typing_extensions==4.15.0
virtualenv==20.34.0
xxhash==3.5.0
