version = 1
revision = 2
requires-python = ">=3.13"

[[package]]
name = "narwhals"
version = "1.42.0"
source = { registry = "https://pypi.org/simple" }
sdist = { url = "https://files.pythonhosted.org/packages/a2/7e/9484c2427453bd0024fd36cf7923de4367d749f0b216b9ca56b9dfc3c516/narwhals-1.42.0.tar.gz", hash = "sha256:a5e554782446d1197593312651352cd39b2025e995053d8e6bdfaa01a70a91d3", size = 490671, upload-time = "2025-06-09T09:20:27.794Z" }
wheels = [
    { url = "https://files.pythonhosted.org/packages/8d/0f/f9ae7c8c55f9078c852b13ea4a6e92e5f4d6d4c8fc0781ec2882957006bb/narwhals-1.42.0-py3-none-any.whl", hash = "sha256:ef6cedf7700dc22c09d17973b9ede11b53e25331e238b24ac73884a8c5e27c19", size = 359033, upload-time = "2025-06-09T09:20:25.668Z" },
]

[[package]]
name = "opus-template"
version = "0.1.0"
source = { editable = "." }
dependencies = [
    { name = "plotly" },
]

[package.metadata]
requires-dist = [{ name = "plotly", specifier = ">=6.1.2" }]

[[package]]
name = "packaging"
version = "25.0"
source = { registry = "https://pypi.org/simple" }
sdist = { url = "https://files.pythonhosted.org/packages/a1/d4/1fc4078c65507b51b96ca8f8c3ba19e6a61c8253c72794544580a7b6c24d/packaging-25.0.tar.gz", hash = "sha256:d443872c98d677bf60f6a1f2f8c1cb748e8fe762d2bf9d3148b5599295b0fc4f", size = 165727, upload-time = "2025-04-19T11:48:59.673Z" }
wheels = [
    { url = "https://files.pythonhosted.org/packages/20/12/38679034af332785aac8774540895e234f4d07f7545804097de4b666afd8/packaging-25.0-py3-none-any.whl", hash = "sha256:29572ef2b1f17581046b3a2227d5c611fb25ec70ca1ba8554b24b0e69331a484", size = 66469, upload-time = "2025-04-19T11:48:57.875Z" },
]

[[package]]
name = "plotly"
version = "6.1.2"
source = { registry = "https://pypi.org/simple" }
dependencies = [
    { name = "narwhals" },
    { name = "packaging" },
]
sdist = { url = "https://files.pythonhosted.org/packages/ae/77/431447616eda6a432dc3ce541b3f808ecb8803ea3d4ab2573b67f8eb4208/plotly-6.1.2.tar.gz", hash = "sha256:4fdaa228926ba3e3a213f4d1713287e69dcad1a7e66cf2025bd7d7026d5014b4", size = 7662971, upload-time = "2025-05-27T20:21:52.56Z" }
wheels = [
    { url = "https://files.pythonhosted.org/packages/bf/6f/759d5da0517547a5d38aabf05d04d9f8adf83391d2c7fc33f904417d3ba2/plotly-6.1.2-py3-none-any.whl", hash = "sha256:f1548a8ed9158d59e03d7fed548c7db5549f3130d9ae19293c8638c202648f6d", size = 16265530, upload-time = "2025-05-27T20:21:46.6Z" },
]
