# generated by rye
# use `rye lock` or `rye sync` to update this lockfile
#
# last locked with the following flags:
#   pre: false
#   features: []
#   all-features: false
#   with-sources: false
#   generate-hashes: false
#   universal: false

-e file:.
aiohappyeyeballs==2.6.1
    # via aiohttp
aiohttp==3.12.15
    # via mcp-agent
aiosignal==1.4.0
    # via aiohttp
annotated-types==0.7.0
    # via pydantic
anyio==4.10.0
    # via httpx
    # via mcp
    # via mcp-agent-cloud
    # via sse-starlette
    # via starlette
argcomplete==3.6.2
    # via nox
async-timeout==5.0.1
    # via aiohttp
attrs==25.3.0
    # via aiohttp
    # via jsonschema
    # via nox
    # via referencing
backports-asyncio-runner==1.2.0
    # via pytest-asyncio
certifi==2025.8.3
    # via httpcore
    # via httpx
    # via requests
charset-normalizer==3.4.3
    # via requests
click==8.3.0
    # via typer
    # via uvicorn
colorlog==6.9.0
    # via nox
dependency-groups==1.3.1
    # via nox
dirty-equals==0.9.0
distlib==0.4.0
    # via virtualenv
distro==1.9.0
    # via mcp-agent-cloud
exceptiongroup==1.3.0
    # via anyio
    # via pytest
fastapi==0.116.2
    # via mcp-agent
filelock==3.19.1
    # via virtualenv
frozenlist==1.7.0
    # via aiohttp
    # via aiosignal
googleapis-common-protos==1.70.0
    # via opentelemetry-exporter-otlp-proto-http
h11==0.16.0
    # via httpcore
    # via uvicorn
httpcore==1.0.9
    # via httpx
httpx==0.28.1
    # via mcp
    # via mcp-agent-cloud
    # via respx
httpx-sse==0.4.1
    # via mcp
idna==3.10
    # via anyio
    # via httpx
    # via requests
    # via yarl
importlib-metadata==8.7.0
    # via opentelemetry-api
iniconfig==2.1.0
    # via pytest
joblib==1.5.2
    # via scikit-learn
jsonref==1.1.0
    # via mcp-agent
jsonschema==4.25.1
    # via mcp
jsonschema-specifications==2025.9.1
    # via jsonschema
markdown-it-py==4.0.0
    # via rich
mcp==1.14.1
    # via mcp-agent
mcp-agent==0.1.25
    # via mcp-agent-cloud
mdurl==0.1.2
    # via markdown-it-py
multidict==6.6.4
    # via aiohttp
    # via yarl
mypy==1.18.1
mypy-extensions==1.1.0
    # via mypy
nest-asyncio==1.6.0
nodeenv==1.9.1
    # via pyright
nox==2025.5.1
numpy==2.2.6
    # via mcp-agent
    # via scikit-learn
    # via scipy
opentelemetry-api==1.37.0
    # via opentelemetry-distro
    # via opentelemetry-exporter-otlp-proto-http
    # via opentelemetry-instrumentation
    # via opentelemetry-instrumentation-anthropic
    # via opentelemetry-instrumentation-openai
    # via opentelemetry-sdk
    # via opentelemetry-semantic-conventions
opentelemetry-distro==0.58b0
    # via mcp-agent
opentelemetry-exporter-otlp-proto-common==1.37.0
    # via opentelemetry-exporter-otlp-proto-http
opentelemetry-exporter-otlp-proto-http==1.37.0
    # via mcp-agent
opentelemetry-instrumentation==0.58b0
    # via opentelemetry-distro
    # via opentelemetry-instrumentation-anthropic
    # via opentelemetry-instrumentation-openai
opentelemetry-instrumentation-anthropic==0.47.2
    # via mcp-agent
opentelemetry-instrumentation-openai==0.47.2
    # via mcp-agent
opentelemetry-proto==1.37.0
    # via opentelemetry-exporter-otlp-proto-common
    # via opentelemetry-exporter-otlp-proto-http
opentelemetry-sdk==1.37.0
    # via opentelemetry-distro
    # via opentelemetry-exporter-otlp-proto-http
opentelemetry-semantic-conventions==0.58b0
    # via opentelemetry-instrumentation
    # via opentelemetry-instrumentation-anthropic
    # via opentelemetry-instrumentation-openai
    # via opentelemetry-sdk
opentelemetry-semantic-conventions-ai==0.4.13
    # via opentelemetry-instrumentation-anthropic
    # via opentelemetry-instrumentation-openai
packaging==25.0
    # via dependency-groups
    # via nox
    # via opentelemetry-instrumentation
    # via pytest
pathspec==0.12.1
    # via mypy
platformdirs==4.4.0
    # via virtualenv
pluggy==1.6.0
    # via pytest
prompt-toolkit==3.0.52
    # via mcp-agent
propcache==0.3.2
    # via aiohttp
    # via yarl
protobuf==6.32.1
    # via googleapis-common-protos
    # via opentelemetry-proto
pydantic==2.11.9
    # via fastapi
    # via mcp
    # via mcp-agent
    # via mcp-agent-cloud
    # via pydantic-settings
    # via pydantic-yaml
pydantic-core==2.33.2
    # via pydantic
pydantic-settings==2.10.1
    # via mcp
    # via mcp-agent
pydantic-yaml==1.6.0
    # via mcp-agent
pygments==2.19.2
    # via pytest
    # via rich
pyright==1.1.399
pytest==8.4.2
    # via pytest-asyncio
pytest-asyncio==1.2.0
python-dateutil==2.9.0.post0
    # via time-machine
python-dotenv==1.1.1
    # via pydantic-settings
python-multipart==0.0.20
    # via mcp
pyyaml==6.0.2
    # via mcp-agent
referencing==0.36.2
    # via jsonschema
    # via jsonschema-specifications
requests==2.32.5
    # via opentelemetry-exporter-otlp-proto-http
respx==0.22.0
rich==14.1.0
    # via mcp-agent
    # via typer
rpds-py==0.27.1
    # via jsonschema
    # via referencing
ruamel-yaml==0.18.15
    # via pydantic-yaml
ruamel-yaml-clib==0.2.12
    # via ruamel-yaml
ruff==0.13.0
scikit-learn==1.7.2
    # via mcp-agent
scipy==1.15.3
    # via scikit-learn
shellingham==1.5.4
    # via typer
six==1.17.0
    # via python-dateutil
sniffio==1.3.1
    # via anyio
    # via mcp-agent-cloud
sse-starlette==3.0.2
    # via mcp
starlette==0.48.0
    # via fastapi
    # via mcp
threadpoolctl==3.6.0
    # via scikit-learn
time-machine==2.19.0
tomli==2.2.1
    # via dependency-groups
    # via mypy
    # via nox
    # via pytest
typer==0.17.4
    # via mcp-agent
typing-extensions==4.15.0
    # via aiosignal
    # via anyio
    # via exceptiongroup
    # via fastapi
    # via mcp-agent-cloud
    # via multidict
    # via mypy
    # via opentelemetry-api
    # via opentelemetry-exporter-otlp-proto-http
    # via opentelemetry-sdk
    # via opentelemetry-semantic-conventions
    # via pydantic
    # via pydantic-core
    # via pydantic-yaml
    # via pyright
    # via pytest-asyncio
    # via referencing
    # via starlette
    # via typer
    # via typing-inspection
    # via uvicorn
    # via virtualenv
typing-inspection==0.4.1
    # via pydantic
    # via pydantic-settings
urllib3==2.5.0
    # via requests
uvicorn==0.35.0
    # via mcp
virtualenv==20.34.0
    # via nox
wcwidth==0.2.13
    # via prompt-toolkit
websockets==15.0.1
    # via mcp-agent
wrapt==1.17.3
    # via opentelemetry-instrumentation
yarl==1.20.1
    # via aiohttp
zipp==3.23.0
    # via importlib-metadata
