{
    "name": "sup-language-support",
    "version": "2.3.0",
    "lockfileVersion": 3,
    "requires": true,
    "packages": {
        "": {
            "name": "sup-language-support",
            "version": "2.3.0",
            "license": "MIT",
            "engines": {
                "vscode": "^1.70.0"
            }
        }
    }
}
